
Microsoft Visual Studio Solution File, Format Version 11.00
# Visual Studio 2010
Project("{8BC9CEB8-8B4A-11D0-8D11-00A0C91BC942}") = "최종", "최종\최종.vcxproj", "{3DFA5ED1-243E-43C9-8AE8-F2F2A7D1C5D1}"
EndProject
Global
	GlobalSection(SolutionConfigurationPlatforms) = preSolution
		Debug|Win32 = Debug|Win32
		Release|Win32 = Release|Win32
	EndGlobalSection
	GlobalSection(ProjectConfigurationPlatforms) = postSolution
		{3DFA5ED1-243E-43C9-8AE8-F2F2A7D1C5D1}.Debug|Win32.ActiveCfg = Debug|Win32
		{3DFA5ED1-243E-43C9-8AE8-F2F2A7D1C5D1}.Debug|Win32.Build.0 = Debug|Win32
		{3DFA5ED1-243E-43C9-8AE8-F2F2A7D1C5D1}.Release|Win32.ActiveCfg = Release|Win32
		{3DFA5ED1-243E-43C9-8AE8-F2F2A7D1C5D1}.Release|Win32.Build.0 = Release|Win32
	EndGlobalSection
	GlobalSection(SolutionProperties) = preSolution
		HideSolutionNode = FALSE
	EndGlobalSection
EndGlobal
